
Microsoft Visual Studio Solution File, Format Version 12.00
# Visual Studio 15
VisualStudioVersion = 15.0.28307.1321
MinimumVisualStudioVersion = 10.0.40219.1
Project("{FAE04EC0-301F-11D3-BF4B-00C04F79EFBC}") = "LibraryManagement", "WebApplication1\LibraryManagement.csproj", "{AFECBDEE-69B2-4D18-8F23-D0DC81892889}"
EndProject
Global
	GlobalSection(SolutionConfigurationPlatforms) = preSolution
		Debug|Any CPU = Debug|Any CPU
		Release|Any CPU = Release|Any CPU
	EndGlobalSection
	GlobalSection(ProjectConfigurationPlatforms) = postSolution
		{AFECBDEE-69B2-4D18-8F23-D0DC81892889}.Debug|Any CPU.ActiveCfg = Debug|Any CPU
		{AFECBDEE-69B2-4D18-8F23-D0DC81892889}.Debug|Any CPU.Build.0 = Debug|Any CPU
		{AFECBDEE-69B2-4D18-8F23-D0DC81892889}.Release|Any CPU.ActiveCfg = Release|Any CPU
		{AFECBDEE-69B2-4D18-8F23-D0DC81892889}.Release|Any CPU.Build.0 = Release|Any CPU
	EndGlobalSection
	GlobalSection(SolutionProperties) = preSolution
		HideSolutionNode = FALSE
	EndGlobalSection
	GlobalSection(ExtensibilityGlobals) = postSolution
		SolutionGuid = {020F5057-3C51-45ED-956E-B940D4C446CD}
	EndGlobalSection
EndGlobal
